
Microsoft Visual Studio Solution File, Format Version 12.00
# Visual Studio Version 17
VisualStudioVersion = 17.14.36109.1 d17.14
MinimumVisualStudioVersion = 10.0.40219.1
Project("{FAE04EC0-301F-11D3-BF4B-00C04F79EFBC}") = "TimeTableGenerator", "TimeTableGenerator\TimeTableGenerator.csproj", "{8C227CA6-7A9A-4C2D-A8AD-985B08111E98}"
EndProject
Global
	GlobalSection(SolutionConfigurationPlatforms) = preSolution
		Debug|Any CPU = Debug|Any CPU
		Release|Any CPU = Release|Any CPU
	EndGlobalSection
	GlobalSection(ProjectConfigurationPlatforms) = postSolution
		{8C227CA6-7A9A-4C2D-A8AD-985B08111E98}.Debug|Any CPU.ActiveCfg = Debug|Any CPU
		{8C227CA6-7A9A-4C2D-A8AD-985B08111E98}.Debug|Any CPU.Build.0 = Debug|Any CPU
		{8C227CA6-7A9A-4C2D-A8AD-985B08111E98}.Release|Any CPU.ActiveCfg = Release|Any CPU
		{8C227CA6-7A9A-4C2D-A8AD-985B08111E98}.Release|Any CPU.Build.0 = Release|Any CPU
	EndGlobalSection
	GlobalSection(SolutionProperties) = preSolution
		HideSolutionNode = FALSE
	EndGlobalSection
	GlobalSection(ExtensibilityGlobals) = postSolution
		SolutionGuid = {042A4B87-E347-42A8-B894-F01E0398FDE8}
	EndGlobalSection
EndGlobal
